
Microsoft Visual Studio Solution File, Format Version 12.00
# Visual Studio Version 16
VisualStudioVersion = 16.0.31313.79
MinimumVisualStudioVersion = 10.0.40219.1
Project("{FAE04EC0-301F-11D3-BF4B-00C04F79EFBC}") = "UWP", "App1\UWP.csproj", "{C00692C3-7888-4E5A-B73C-739FB4F3B6DD}"
EndProject
Project("{FAE04EC0-301F-11D3-BF4B-00C04F79EFBC}") = "Lab1", "Lab1\Lab1.csproj", "{6947A66B-073C-4794-8122-D763FA70EC39}"
EndProject
Project("{FAE04EC0-301F-11D3-BF4B-00C04F79EFBC}") = "Lab2", "Lab2\Lab2.csproj", "{BB3F594B-0740-444A-88DB-D29238D47A6F}"
EndProject
Global
	GlobalSection(SolutionConfigurationPlatforms) = preSolution
		Debug|ARM = Debug|ARM
		Debug|ARM64 = Debug|ARM64
		Debug|x64 = Debug|x64
		Debug|x86 = Debug|x86
		Release|ARM = Release|ARM
		Release|ARM64 = Release|ARM64
		Release|x64 = Release|x64
		Release|x86 = Release|x86
	EndGlobalSection
	GlobalSection(ProjectConfigurationPlatforms) = postSolution
		{C00692C3-7888-4E5A-B73C-739FB4F3B6DD}.Debug|ARM.ActiveCfg = Debug|ARM
		{C00692C3-7888-4E5A-B73C-739FB4F3B6DD}.Debug|ARM.Build.0 = Debug|ARM
		{C00692C3-7888-4E5A-B73C-739FB4F3B6DD}.Debug|ARM.Deploy.0 = Debug|ARM
		{C00692C3-7888-4E5A-B73C-739FB4F3B6DD}.Debug|ARM64.ActiveCfg = Debug|ARM64
		{C00692C3-7888-4E5A-B73C-739FB4F3B6DD}.Debug|ARM64.Build.0 = Debug|ARM64
		{C00692C3-7888-4E5A-B73C-739FB4F3B6DD}.Debug|ARM64.Deploy.0 = Debug|ARM64
		{C00692C3-7888-4E5A-B73C-739FB4F3B6DD}.Debug|x64.ActiveCfg = Debug|x64
		{C00692C3-7888-4E5A-B73C-739FB4F3B6DD}.Debug|x64.Build.0 = Debug|x64
		{C00692C3-7888-4E5A-B73C-739FB4F3B6DD}.Debug|x64.Deploy.0 = Debug|x64
		{C00692C3-7888-4E5A-B73C-739FB4F3B6DD}.Debug|x86.ActiveCfg = Debug|x86
		{C00692C3-7888-4E5A-B73C-739FB4F3B6DD}.Debug|x86.Build.0 = Debug|x86
		{C00692C3-7888-4E5A-B73C-739FB4F3B6DD}.Debug|x86.Deploy.0 = Debug|x86
		{C00692C3-7888-4E5A-B73C-739FB4F3B6DD}.Release|ARM.ActiveCfg = Release|ARM
		{C00692C3-7888-4E5A-B73C-739FB4F3B6DD}.Release|ARM.Build.0 = Release|ARM
		{C00692C3-7888-4E5A-B73C-739FB4F3B6DD}.Release|ARM.Deploy.0 = Release|ARM
		{C00692C3-7888-4E5A-B73C-739FB4F3B6DD}.Release|ARM64.ActiveCfg = Release|ARM64
		{C00692C3-7888-4E5A-B73C-739FB4F3B6DD}.Release|ARM64.Build.0 = Release|ARM64
		{C00692C3-7888-4E5A-B73C-739FB4F3B6DD}.Release|ARM64.Deploy.0 = Release|ARM64
		{C00692C3-7888-4E5A-B73C-739FB4F3B6DD}.Release|x64.ActiveCfg = Release|x64
		{C00692C3-7888-4E5A-B73C-739FB4F3B6DD}.Release|x64.Build.0 = Release|x64
		{C00692C3-7888-4E5A-B73C-739FB4F3B6DD}.Release|x64.Deploy.0 = Release|x64
		{C00692C3-7888-4E5A-B73C-739FB4F3B6DD}.Release|x86.ActiveCfg = Release|x86
		{C00692C3-7888-4E5A-B73C-739FB4F3B6DD}.Release|x86.Build.0 = Release|x86
		{C00692C3-7888-4E5A-B73C-739FB4F3B6DD}.Release|x86.Deploy.0 = Release|x86
		{6947A66B-073C-4794-8122-D763FA70EC39}.Debug|ARM.ActiveCfg = Debug|ARM
		{6947A66B-073C-4794-8122-D763FA70EC39}.Debug|ARM.Build.0 = Debug|ARM
		{6947A66B-073C-4794-8122-D763FA70EC39}.Debug|ARM.Deploy.0 = Debug|ARM
		{6947A66B-073C-4794-8122-D763FA70EC39}.Debug|ARM64.ActiveCfg = Debug|ARM64
		{6947A66B-073C-4794-8122-D763FA70EC39}.Debug|ARM64.Build.0 = Debug|ARM64
		{6947A66B-073C-4794-8122-D763FA70EC39}.Debug|ARM64.Deploy.0 = Debug|ARM64
		{6947A66B-073C-4794-8122-D763FA70EC39}.Debug|x64.ActiveCfg = Debug|x64
		{6947A66B-073C-4794-8122-D763FA70EC39}.Debug|x64.Build.0 = Debug|x64
		{6947A66B-073C-4794-8122-D763FA70EC39}.Debug|x64.Deploy.0 = Debug|x64
		{6947A66B-073C-4794-8122-D763FA70EC39}.Debug|x86.ActiveCfg = Debug|x86
		{6947A66B-073C-4794-8122-D763FA70EC39}.Debug|x86.Build.0 = Debug|x86
		{6947A66B-073C-4794-8122-D763FA70EC39}.Debug|x86.Deploy.0 = Debug|x86
		{6947A66B-073C-4794-8122-D763FA70EC39}.Release|ARM.ActiveCfg = Release|ARM
		{6947A66B-073C-4794-8122-D763FA70EC39}.Release|ARM.Build.0 = Release|ARM
		{6947A66B-073C-4794-8122-D763FA70EC39}.Release|ARM.Deploy.0 = Release|ARM
		{6947A66B-073C-4794-8122-D763FA70EC39}.Release|ARM64.ActiveCfg = Release|ARM64
		{6947A66B-073C-4794-8122-D763FA70EC39}.Release|ARM64.Build.0 = Release|ARM64
		{6947A66B-073C-4794-8122-D763FA70EC39}.Release|ARM64.Deploy.0 = Release|ARM64
		{6947A66B-073C-4794-8122-D763FA70EC39}.Release|x64.ActiveCfg = Release|x64
		{6947A66B-073C-4794-8122-D763FA70EC39}.Release|x64.Build.0 = Release|x64
		{6947A66B-073C-4794-8122-D763FA70EC39}.Release|x64.Deploy.0 = Release|x64
		{6947A66B-073C-4794-8122-D763FA70EC39}.Release|x86.ActiveCfg = Release|x86
		{6947A66B-073C-4794-8122-D763FA70EC39}.Release|x86.Build.0 = Release|x86
		{6947A66B-073C-4794-8122-D763FA70EC39}.Release|x86.Deploy.0 = Release|x86
		{BB3F594B-0740-444A-88DB-D29238D47A6F}.Debug|ARM.ActiveCfg = Debug|ARM
		{BB3F594B-0740-444A-88DB-D29238D47A6F}.Debug|ARM.Build.0 = Debug|ARM
		{BB3F594B-0740-444A-88DB-D29238D47A6F}.Debug|ARM.Deploy.0 = Debug|ARM
		{BB3F594B-0740-444A-88DB-D29238D47A6F}.Debug|ARM64.ActiveCfg = Debug|ARM64
		{BB3F594B-0740-444A-88DB-D29238D47A6F}.Debug|ARM64.Build.0 = Debug|ARM64
		{BB3F594B-0740-444A-88DB-D29238D47A6F}.Debug|ARM64.Deploy.0 = Debug|ARM64
		{BB3F594B-0740-444A-88DB-D29238D47A6F}.Debug|x64.ActiveCfg = Debug|x64
		{BB3F594B-0740-444A-88DB-D29238D47A6F}.Debug|x64.Build.0 = Debug|x64
		{BB3F594B-0740-444A-88DB-D29238D47A6F}.Debug|x64.Deploy.0 = Debug|x64
		{BB3F594B-0740-444A-88DB-D29238D47A6F}.Debug|x86.ActiveCfg = Debug|x86
		{BB3F594B-0740-444A-88DB-D29238D47A6F}.Debug|x86.Build.0 = Debug|x86
		{BB3F594B-0740-444A-88DB-D29238D47A6F}.Debug|x86.Deploy.0 = Debug|x86
		{BB3F594B-0740-444A-88DB-D29238D47A6F}.Release|ARM.ActiveCfg = Release|ARM
		{BB3F594B-0740-444A-88DB-D29238D47A6F}.Release|ARM.Build.0 = Release|ARM
		{BB3F594B-0740-444A-88DB-D29238D47A6F}.Release|ARM.Deploy.0 = Release|ARM
		{BB3F594B-0740-444A-88DB-D29238D47A6F}.Release|ARM64.ActiveCfg = Release|ARM64
		{BB3F594B-0740-444A-88DB-D29238D47A6F}.Release|ARM64.Build.0 = Release|ARM64
		{BB3F594B-0740-444A-88DB-D29238D47A6F}.Release|ARM64.Deploy.0 = Release|ARM64
		{BB3F594B-0740-444A-88DB-D29238D47A6F}.Release|x64.ActiveCfg = Release|x64
		{BB3F594B-0740-444A-88DB-D29238D47A6F}.Release|x64.Build.0 = Release|x64
		{BB3F594B-0740-444A-88DB-D29238D47A6F}.Release|x64.Deploy.0 = Release|x64
		{BB3F594B-0740-444A-88DB-D29238D47A6F}.Release|x86.ActiveCfg = Release|x86
		{BB3F594B-0740-444A-88DB-D29238D47A6F}.Release|x86.Build.0 = Release|x86
		{BB3F594B-0740-444A-88DB-D29238D47A6F}.Release|x86.Deploy.0 = Release|x86
	EndGlobalSection
	GlobalSection(SolutionProperties) = preSolution
		HideSolutionNode = FALSE
	EndGlobalSection
	GlobalSection(ExtensibilityGlobals) = postSolution
		SolutionGuid = {853D6D51-CC5A-4AD9-B963-EBDF703D8287}
	EndGlobalSection
EndGlobal
